
Microsoft Visual Studio Solution File, Format Version 12.00
# Visual Studio Version 17
VisualStudioVersion = 17.7.34024.191
MinimumVisualStudioVersion = 10.0.40219.1
Project("{FAE04EC0-301F-11D3-BF4B-00C04F79EFBC}") = "HashTable_UC2", "HashTable_UC2.csproj", "{B4C242EF-BD35-4F5E-BA24-15714D2CDA54}"
EndProject
Global
	GlobalSection(SolutionConfigurationPlatforms) = preSolution
		Debug|Any CPU = Debug|Any CPU
		Release|Any CPU = Release|Any CPU
	EndGlobalSection
	GlobalSection(ProjectConfigurationPlatforms) = postSolution
		{B4C242EF-BD35-4F5E-BA24-15714D2CDA54}.Debug|Any CPU.ActiveCfg = Debug|Any CPU
		{B4C242EF-BD35-4F5E-BA24-15714D2CDA54}.Debug|Any CPU.Build.0 = Debug|Any CPU
		{B4C242EF-BD35-4F5E-BA24-15714D2CDA54}.Release|Any CPU.ActiveCfg = Release|Any CPU
		{B4C242EF-BD35-4F5E-BA24-15714D2CDA54}.Release|Any CPU.Build.0 = Release|Any CPU
	EndGlobalSection
	GlobalSection(SolutionProperties) = preSolution
		HideSolutionNode = FALSE
	EndGlobalSection
	GlobalSection(ExtensibilityGlobals) = postSolution
		SolutionGuid = {7B7CBDCF-C9EF-4BD7-82BC-3AA5F9D9291A}
	EndGlobalSection
EndGlobal
