
Microsoft Visual Studio Solution File, Format Version 12.00
# Visual Studio Version 17
VisualStudioVersion = 17.7.34024.191
MinimumVisualStudioVersion = 10.0.40219.1
Project("{FAE04EC0-301F-11D3-BF4B-00C04F79EFBC}") = "SearchInBinaryTree", "SearchInBinaryTree.csproj", "{AE3B7752-F6A9-41E2-B629-BABF494C327B}"
EndProject
Global
	GlobalSection(SolutionConfigurationPlatforms) = preSolution
		Debug|Any CPU = Debug|Any CPU
		Release|Any CPU = Release|Any CPU
	EndGlobalSection
	GlobalSection(ProjectConfigurationPlatforms) = postSolution
		{AE3B7752-F6A9-41E2-B629-BABF494C327B}.Debug|Any CPU.ActiveCfg = Debug|Any CPU
		{AE3B7752-F6A9-41E2-B629-BABF494C327B}.Debug|Any CPU.Build.0 = Debug|Any CPU
		{AE3B7752-F6A9-41E2-B629-BABF494C327B}.Release|Any CPU.ActiveCfg = Release|Any CPU
		{AE3B7752-F6A9-41E2-B629-BABF494C327B}.Release|Any CPU.Build.0 = Release|Any CPU
	EndGlobalSection
	GlobalSection(SolutionProperties) = preSolution
		HideSolutionNode = FALSE
	EndGlobalSection
	GlobalSection(ExtensibilityGlobals) = postSolution
		SolutionGuid = {943422DC-E41B-44AD-BC8F-89F77F5BE2E5}
	EndGlobalSection
EndGlobal
